
Microsoft Visual Studio Solution File, Format Version 12.00
# Visual Studio Version 16
VisualStudioVersion = 16.0.30128.74
MinimumVisualStudioVersion = 10.0.40219.1
Project("{FAE04EC0-301F-11D3-BF4B-00C04F79EFBC}") = "Web Api", "Web Api\Web Api.csproj", "{5A3EAA39-960D-4711-B37A-305C5E49B98A}"
EndProject
Global
	GlobalSection(SolutionConfigurationPlatforms) = preSolution
		Debug|Any CPU = Debug|Any CPU
		Release|Any CPU = Release|Any CPU
	EndGlobalSection
	GlobalSection(ProjectConfigurationPlatforms) = postSolution
		{5A3EAA39-960D-4711-B37A-305C5E49B98A}.Debug|Any CPU.ActiveCfg = Debug|Any CPU
		{5A3EAA39-960D-4711-B37A-305C5E49B98A}.Debug|Any CPU.Build.0 = Debug|Any CPU
		{5A3EAA39-960D-4711-B37A-305C5E49B98A}.Release|Any CPU.ActiveCfg = Release|Any CPU
		{5A3EAA39-960D-4711-B37A-305C5E49B98A}.Release|Any CPU.Build.0 = Release|Any CPU
	EndGlobalSection
	GlobalSection(SolutionProperties) = preSolution
		HideSolutionNode = FALSE
	EndGlobalSection
	GlobalSection(ExtensibilityGlobals) = postSolution
		SolutionGuid = {6F62DF78-83F2-4AB8-A57C-85898E84D7CA}
	EndGlobalSection
EndGlobal
